// !$*UTF8*$!
{
	archiveVersion = 1;
	classes = {
	};
	objectVersion = 50;
	objects = {

/* Begin PBXBuildFile section */
		DF24D2D426A62716009BADFD /* AppDelegate.swift in Sources */ = {isa = PBXBuildFile; fileRef = DF24D2D326A62716009BADFD /* AppDelegate.swift */; };
		DF24D2D626A62716009BADFD /* SceneDelegate.swift in Sources */ = {isa = PBXBuildFile; fileRef = DF24D2D526A62716009BADFD /* SceneDelegate.swift */; };
		DF24D2D826A62716009BADFD /* ViewController.swift in Sources */ = {isa = PBXBuildFile; fileRef = DF24D2D726A62716009BADFD /* ViewController.swift */; };
		DF24D2DB26A62716009BADFD /* Main.storyboard in Resources */ = {isa = PBXBuildFile; fileRef = DF24D2D926A62716009BADFD /* Main.storyboard */; };
		DF24D2DE26A62716009BADFD /* Study.xcdatamodeld in Sources */ = {isa = PBXBuildFile; fileRef = DF24D2DC26A62716009BADFD /* Study.xcdatamodeld */; };
		DF24D2E026A62718009BADFD /* Assets.xcassets in Resources */ = {isa = PBXBuildFile; fileRef = DF24D2DF26A62718009BADFD /* Assets.xcassets */; };
		DF24D2E326A62718009BADFD /* LaunchScreen.storyboard in Resources */ = {isa = PBXBuildFile; fileRef = DF24D2E126A62718009BADFD /* LaunchScreen.storyboard */; };
		DF24D2F026A8FD78009BADFD /* ModalFirstScene.swift in Sources */ = {isa = PBXBuildFile; fileRef = DF24D2EF26A8FD78009BADFD /* ModalFirstScene.swift */; };
		DF24D2F226AA2214009BADFD /* ModalSecondScene.swift in Sources */ = {isa = PBXBuildFile; fileRef = DF24D2F126AA2214009BADFD /* ModalSecondScene.swift */; };
		DF24D2F426AF7027009BADFD /* TextField.swift in Sources */ = {isa = PBXBuildFile; fileRef = DF24D2F326AF7026009BADFD /* TextField.swift */; };
		DF24D2F626AF987D009BADFD /* SecondViewController .swift in Sources */ = {isa = PBXBuildFile; fileRef = DF24D2F526AF987D009BADFD /* SecondViewController .swift */; };
		DF24D2F826AFA794009BADFD /* ThirdViewController.swift in Sources */ = {isa = PBXBuildFile; fileRef = DF24D2F726AFA794009BADFD /* ThirdViewController.swift */; };
		DF24D2FA26B0E408009BADFD /* CustomCollectionViewCell.swift in Sources */ = {isa = PBXBuildFile; fileRef = DF24D2F926B0E408009BADFD /* CustomCollectionViewCell.swift */; };
		DF24D2FC26B34DBB009BADFD /* CoreDataStack.swift in Sources */ = {isa = PBXBuildFile; fileRef = DF24D2FB26B34DBA009BADFD /* CoreDataStack.swift */; };
		DF24D2FE26B358B9009BADFD /* SecondCollectionViewCell.swift in Sources */ = {isa = PBXBuildFile; fileRef = DF24D2FD26B358B9009BADFD /* SecondCollectionViewCell.swift */; };
		DF24D30026B4C63F009BADFD /* ModalSecondSceneDelegate.swift in Sources */ = {isa = PBXBuildFile; fileRef = DF24D2FF26B4C63F009BADFD /* ModalSecondSceneDelegate.swift */; };
		DF24D30226B8AA17009BADFD /* ThirdViewControllerDelegate.swift in Sources */ = {isa = PBXBuildFile; fileRef = DF24D30126B8AA17009BADFD /* ThirdViewControllerDelegate.swift */; };
/* End PBXBuildFile section */

/* Begin PBXFileReference section */
		DF24D2D026A62716009BADFD /* Study.app */ = {isa = PBXFileReference; explicitFileType = wrapper.application; includeInIndex = 0; path = Study.app; sourceTree = BUILT_PRODUCTS_DIR; };
		DF24D2D326A62716009BADFD /* AppDelegate.swift */ = {isa = PBXFileReference; lastKnownFileType = sourcecode.swift; path = AppDelegate.swift; sourceTree = "<group>"; };
		DF24D2D526A62716009BADFD /* SceneDelegate.swift */ = {isa = PBXFileReference; lastKnownFileType = sourcecode.swift; path = SceneDelegate.swift; sourceTree = "<group>"; };
		DF24D2D726A62716009BADFD /* ViewController.swift */ = {isa = PBXFileReference; lastKnownFileType = sourcecode.swift; path = ViewController.swift; sourceTree = "<group>"; };
		DF24D2DA26A62716009BADFD /* Base */ = {isa = PBXFileReference; lastKnownFileType = file.storyboard; name = Base; path = Base.lproj/Main.storyboard; sourceTree = "<group>"; };
		DF24D2DD26A62716009BADFD /* Study.xcdatamodel */ = {isa = PBXFileReference; lastKnownFileType = wrapper.xcdatamodel; path = Study.xcdatamodel; sourceTree = "<group>"; };
		DF24D2DF26A62718009BADFD /* Assets.xcassets */ = {isa = PBXFileReference; lastKnownFileType = folder.assetcatalog; path = Assets.xcassets; sourceTree = "<group>"; };
		DF24D2E226A62718009BADFD /* Base */ = {isa = PBXFileReference; lastKnownFileType = file.storyboard; name = Base; path = Base.lproj/LaunchScreen.storyboard; sourceTree = "<group>"; };
		DF24D2E426A62718009BADFD /* Info.plist */ = {isa = PBXFileReference; lastKnownFileType = text.plist.xml; path = Info.plist; sourceTree = "<group>"; };
		DF24D2EF26A8FD78009BADFD /* ModalFirstScene.swift */ = {isa = PBXFileReference; lastKnownFileType = sourcecode.swift; path = ModalFirstScene.swift; sourceTree = "<group>"; };
		DF24D2F126AA2214009BADFD /* ModalSecondScene.swift */ = {isa = PBXFileReference; lastKnownFileType = sourcecode.swift; path = ModalSecondScene.swift; sourceTree = "<group>"; };
		DF24D2F326AF7026009BADFD /* TextField.swift */ = {isa = PBXFileReference; lastKnownFileType = sourcecode.swift; path = TextField.swift; sourceTree = "<group>"; };
		DF24D2F526AF987D009BADFD /* SecondViewController .swift */ = {isa = PBXFileReference; lastKnownFileType = sourcecode.swift; path = "SecondViewController .swift"; sourceTree = "<group>"; };
		DF24D2F726AFA794009BADFD /* ThirdViewController.swift */ = {isa = PBXFileReference; lastKnownFileType = sourcecode.swift; path = ThirdViewController.swift; sourceTree = "<group>"; };
		DF24D2F926B0E408009BADFD /* CustomCollectionViewCell.swift */ = {isa = PBXFileReference; lastKnownFileType = sourcecode.swift; path = CustomCollectionViewCell.swift; sourceTree = "<group>"; };
		DF24D2FB26B34DBA009BADFD /* CoreDataStack.swift */ = {isa = PBXFileReference; lastKnownFileType = sourcecode.swift; path = CoreDataStack.swift; sourceTree = "<group>"; };
		DF24D2FD26B358B9009BADFD /* SecondCollectionViewCell.swift */ = {isa = PBXFileReference; lastKnownFileType = sourcecode.swift; path = SecondCollectionViewCell.swift; sourceTree = "<group>"; };
		DF24D2FF26B4C63F009BADFD /* ModalSecondSceneDelegate.swift */ = {isa = PBXFileReference; lastKnownFileType = sourcecode.swift; path = ModalSecondSceneDelegate.swift; sourceTree = "<group>"; };
		DF24D30126B8AA17009BADFD /* ThirdViewControllerDelegate.swift */ = {isa = PBXFileReference; lastKnownFileType = sourcecode.swift; path = ThirdViewControllerDelegate.swift; sourceTree = "<group>"; };
/* End PBXFileReference section */

/* Begin PBXFrameworksBuildPhase section */
		DF24D2CD26A62716009BADFD /* Frameworks */ = {
			isa = PBXFrameworksBuildPhase;
			buildActionMask = 2147483647;
			files = (
			);
			runOnlyForDeploymentPostprocessing = 0;
		};
/* End PBXFrameworksBuildPhase section */

/* Begin PBXGroup section */
		DF24D2C726A62715009BADFD = {
			isa = PBXGroup;
			children = (
				DF24D2D126A62716009BADFD /* Products */,
				DF24D2D226A62716009BADFD /* Study */,
			);
			sourceTree = "<group>";
		};
		DF24D2D126A62716009BADFD /* Products */ = {
			isa = PBXGroup;
			children = (
				DF24D2D026A62716009BADFD /* Study.app */,
			);
			name = Products;
			sourceTree = "<group>";
		};
		DF24D2D226A62716009BADFD /* Study */ = {
			isa = PBXGroup;
			children = (
				DF24D30326B9FDA5009BADFD /* Extras */,
				DF24D2ED26A62943009BADFD /* CoreData */,
				DF24D2EC26A6292B009BADFD /* Storyboard */,
				DF24D2EB26A6290D009BADFD /* ViewController */,
				DF24D2EA26A628DD009BADFD /* Delegates */,
				DF24D2DF26A62718009BADFD /* Assets.xcassets */,
				DF24D2E426A62718009BADFD /* Info.plist */,
			);
			path = Study;
			sourceTree = "<group>";
		};
		DF24D2EA26A628DD009BADFD /* Delegates */ = {
			isa = PBXGroup;
			children = (
				DF24D2D326A62716009BADFD /* AppDelegate.swift */,
				DF24D2D526A62716009BADFD /* SceneDelegate.swift */,
			);
			path = Delegates;
			sourceTree = "<group>";
		};
		DF24D2EB26A6290D009BADFD /* ViewController */ = {
			isa = PBXGroup;
			children = (
				DF24D2D726A62716009BADFD /* ViewController.swift */,
				DF24D2EF26A8FD78009BADFD /* ModalFirstScene.swift */,
				DF24D2F526AF987D009BADFD /* SecondViewController .swift */,
				DF24D2F126AA2214009BADFD /* ModalSecondScene.swift */,
				DF24D2F726AFA794009BADFD /* ThirdViewController.swift */,
			);
			path = ViewController;
			sourceTree = "<group>";
		};
		DF24D2EC26A6292B009BADFD /* Storyboard */ = {
			isa = PBXGroup;
			children = (
				DF24D2D926A62716009BADFD /* Main.storyboard */,
				DF24D2E126A62718009BADFD /* LaunchScreen.storyboard */,
			);
			path = Storyboard;
			sourceTree = "<group>";
		};
		DF24D2ED26A62943009BADFD /* CoreData */ = {
			isa = PBXGroup;
			children = (
				DF24D2DC26A62716009BADFD /* Study.xcdatamodeld */,
				DF24D2FB26B34DBA009BADFD /* CoreDataStack.swift */,
			);
			path = CoreData;
			sourceTree = "<group>";
		};
		DF24D30326B9FDA5009BADFD /* Extras */ = {
			isa = PBXGroup;
			children = (
				DF24D2F326AF7026009BADFD /* TextField.swift */,
				DF24D2F926B0E408009BADFD /* CustomCollectionViewCell.swift */,
				DF24D2FD26B358B9009BADFD /* SecondCollectionViewCell.swift */,
				DF24D2FF26B4C63F009BADFD /* ModalSecondSceneDelegate.swift */,
				DF24D30126B8AA17009BADFD /* ThirdViewControllerDelegate.swift */,
			);
			path = Extras;
			sourceTree = "<group>";
		};
/* End PBXGroup section */

/* Begin PBXNativeTarget section */
		DF24D2CF26A62716009BADFD /* Study */ = {
			isa = PBXNativeTarget;
			buildConfigurationList = DF24D2E726A62718009BADFD /* Build configuration list for PBXNativeTarget "Study" */;
			buildPhases = (
				DF24D2CC26A62716009BADFD /* Sources */,
				DF24D2CD26A62716009BADFD /* Frameworks */,
				DF24D2CE26A62716009BADFD /* Resources */,
			);
			buildRules = (
			);
			dependencies = (
			);
			name = Study;
			productName = Study;
			productReference = DF24D2D026A62716009BADFD /* Study.app */;
			productType = "com.apple.product-type.application";
		};
/* End PBXNativeTarget section */

/* Begin PBXProject section */
		DF24D2C826A62716009BADFD /* Project object */ = {
			isa = PBXProject;
			attributes = {
				LastSwiftUpdateCheck = 1250;
				LastUpgradeCheck = 1250;
				TargetAttributes = {
					DF24D2CF26A62716009BADFD = {
						CreatedOnToolsVersion = 12.5.1;
					};
				};
			};
			buildConfigurationList = DF24D2CB26A62716009BADFD /* Build configuration list for PBXProject "Study" */;
			compatibilityVersion = "Xcode 9.3";
			developmentRegion = en;
			hasScannedForEncodings = 0;
			knownRegions = (
				en,
				Base,
			);
			mainGroup = DF24D2C726A62715009BADFD;
			productRefGroup = DF24D2D126A62716009BADFD /* Products */;
			projectDirPath = "";
			projectRoot = "";
			targets = (
				DF24D2CF26A62716009BADFD /* Study */,
			);
		};
/* End PBXProject section */

/* Begin PBXResourcesBuildPhase section */
		DF24D2CE26A62716009BADFD /* Resources */ = {
			isa = PBXResourcesBuildPhase;
			buildActionMask = 2147483647;
			files = (
				DF24D2E326A62718009BADFD /* LaunchScreen.storyboard in Resources */,
				DF24D2E026A62718009BADFD /* Assets.xcassets in Resources */,
				DF24D2DB26A62716009BADFD /* Main.storyboard in Resources */,
			);
			runOnlyForDeploymentPostprocessing = 0;
		};
/* End PBXResourcesBuildPhase section */

/* Begin PBXSourcesBuildPhase section */
		DF24D2CC26A62716009BADFD /* Sources */ = {
			isa = PBXSourcesBuildPhase;
			buildActionMask = 2147483647;
			files = (
				DF24D2F226AA2214009BADFD /* ModalSecondScene.swift in Sources */,
				DF24D30226B8AA17009BADFD /* ThirdViewControllerDelegate.swift in Sources */,
				DF24D2FA26B0E408009BADFD /* CustomCollectionViewCell.swift in Sources */,
				DF24D2F826AFA794009BADFD /* ThirdViewController.swift in Sources */,
				DF24D2F626AF987D009BADFD /* SecondViewController .swift in Sources */,
				DF24D30026B4C63F009BADFD /* ModalSecondSceneDelegate.swift in Sources */,
				DF24D2D826A62716009BADFD /* ViewController.swift in Sources */,
				DF24D2D426A62716009BADFD /* AppDelegate.swift in Sources */,
				DF24D2FC26B34DBB009BADFD /* CoreDataStack.swift in Sources */,
				DF24D2F426AF7027009BADFD /* TextField.swift in Sources */,
				DF24D2FE26B358B9009BADFD /* SecondCollectionViewCell.swift in Sources */,
				DF24D2D626A62716009BADFD /* SceneDelegate.swift in Sources */,
				DF24D2DE26A62716009BADFD /* Study.xcdatamodeld in Sources */,
				DF24D2F026A8FD78009BADFD /* ModalFirstScene.swift in Sources */,
			);
			runOnlyForDeploymentPostprocessing = 0;
		};
/* End PBXSourcesBuildPhase section */

/* Begin PBXVariantGroup section */
		DF24D2D926A62716009BADFD /* Main.storyboard */ = {
			isa = PBXVariantGroup;
			children = (
				DF24D2DA26A62716009BADFD /* Base */,
			);
			name = Main.storyboard;
			sourceTree = "<group>";
		};
		DF24D2E126A62718009BADFD /* LaunchScreen.storyboard */ = {
			isa = PBXVariantGroup;
			children = (
				DF24D2E226A62718009BADFD /* Base */,
			);
			name = LaunchScreen.storyboard;
			sourceTree = "<group>";
		};
/* End PBXVariantGroup section */

/* Begin XCBuildConfiguration section */
		DF24D2E526A62718009BADFD /* Debug */ = {
			isa = XCBuildConfiguration;
			buildSettings = {
				ALWAYS_SEARCH_USER_PATHS = NO;
				CLANG_ANALYZER_NONNULL = YES;
				CLANG_ANALYZER_NUMBER_OBJECT_CONVERSION = YES_AGGRESSIVE;
				CLANG_CXX_LANGUAGE_STANDARD = "gnu++14";
				CLANG_CXX_LIBRARY = "libc++";
				CLANG_ENABLE_MODULES = YES;
				CLANG_ENABLE_OBJC_ARC = YES;
				CLANG_ENABLE_OBJC_WEAK = YES;
				CLANG_WARN_BLOCK_CAPTURE_AUTORELEASING = YES;
				CLANG_WARN_BOOL_CONVERSION = YES;
				CLANG_WARN_COMMA = YES;
				CLANG_WARN_CONSTANT_CONVERSION = YES;
				CLANG_WARN_DEPRECATED_OBJC_IMPLEMENTATIONS = YES;
				CLANG_WARN_DIRECT_OBJC_ISA_USAGE = YES_ERROR;
				CLANG_WARN_DOCUMENTATION_COMMENTS = YES;
				CLANG_WARN_EMPTY_BODY = YES;
				CLANG_WARN_ENUM_CONVERSION = YES;
				CLANG_WARN_INFINITE_RECURSION = YES;
				CLANG_WARN_INT_CONVERSION = YES;
				CLANG_WARN_NON_LITERAL_NULL_CONVERSION = YES;
				CLANG_WARN_OBJC_IMPLICIT_RETAIN_SELF = YES;
				CLANG_WARN_OBJC_LITERAL_CONVERSION = YES;
				CLANG_WARN_OBJC_ROOT_CLASS = YES_ERROR;
				CLANG_WARN_QUOTED_INCLUDE_IN_FRAMEWORK_HEADER = YES;
				CLANG_WARN_RANGE_LOOP_ANALYSIS = YES;
				CLANG_WARN_STRICT_PROTOTYPES = YES;
				CLANG_WARN_SUSPICIOUS_MOVE = YES;
				CLANG_WARN_UNGUARDED_AVAILABILITY = YES_AGGRESSIVE;
				CLANG_WARN_UNREACHABLE_CODE = YES;
				CLANG_WARN__DUPLICATE_METHOD_MATCH = YES;
				COPY_PHASE_STRIP = NO;
				DEBUG_INFORMATION_FORMAT = dwarf;
				ENABLE_STRICT_OBJC_MSGSEND = YES;
				ENABLE_TESTABILITY = YES;
				GCC_C_LANGUAGE_STANDARD = gnu11;
				GCC_DYNAMIC_NO_PIC = NO;
				GCC_NO_COMMON_BLOCKS = YES;
				GCC_OPTIMIZATION_LEVEL = 0;
				GCC_PREPROCESSOR_DEFINITIONS = (
					"DEBUG=1",
					"$(inherited)",
				);
				GCC_WARN_64_TO_32_BIT_CONVERSION = YES;
				GCC_WARN_ABOUT_RETURN_TYPE = YES_ERROR;
				GCC_WARN_UNDECLARED_SELECTOR = YES;
				GCC_WARN_UNINITIALIZED_AUTOS = YES_AGGRESSIVE;
				GCC_WARN_UNUSED_FUNCTION = YES;
				GCC_WARN_UNUSED_VARIABLE = YES;
				IPHONEOS_DEPLOYMENT_TARGET = 14.5;
				MTL_ENABLE_DEBUG_INFO = INCLUDE_SOURCE;
				MTL_FAST_MATH = YES;
				ONLY_ACTIVE_ARCH = YES;
				SDKROOT = iphoneos;
				SWIFT_ACTIVE_COMPILATION_CONDITIONS = DEBUG;
				SWIFT_OPTIMIZATION_LEVEL = "-Onone";
			};
			name = Debug;
		};
		DF24D2E626A62718009BADFD /* Release */ = {
			isa = XCBuildConfiguration;
			buildSettings = {
				ALWAYS_SEARCH_USER_PATHS = NO;
				CLANG_ANALYZER_NONNULL = YES;
				CLANG_ANALYZER_NUMBER_OBJECT_CONVERSION = YES_AGGRESSIVE;
				CLANG_CXX_LANGUAGE_STANDARD = "gnu++14";
				CLANG_CXX_LIBRARY = "libc++";
				CLANG_ENABLE_MODULES = YES;
				CLANG_ENABLE_OBJC_ARC = YES;
				CLANG_ENABLE_OBJC_WEAK = YES;
				CLANG_WARN_BLOCK_CAPTURE_AUTORELEASING = YES;
				CLANG_WARN_BOOL_CONVERSION = YES;
				CLANG_WARN_COMMA = YES;
				CLANG_WARN_CONSTANT_CONVERSION = YES;
				CLANG_WARN_DEPRECATED_OBJC_IMPLEMENTATIONS = YES;
				CLANG_WARN_DIRECT_OBJC_ISA_USAGE = YES_ERROR;
				CLANG_WARN_DOCUMENTATION_COMMENTS = YES;
				CLANG_WARN_EMPTY_BODY = YES;
				CLANG_WARN_ENUM_CONVERSION = YES;
				CLANG_WARN_INFINITE_RECURSION = YES;
				CLANG_WARN_INT_CONVERSION = YES;
				CLANG_WARN_NON_LITERAL_NULL_CONVERSION = YES;
				CLANG_WARN_OBJC_IMPLICIT_RETAIN_SELF = YES;
				CLANG_WARN_OBJC_LITERAL_CONVERSION = YES;
				CLANG_WARN_OBJC_ROOT_CLASS = YES_ERROR;
				CLANG_WARN_QUOTED_INCLUDE_IN_FRAMEWORK_HEADER = YES;
				CLANG_WARN_RANGE_LOOP_ANALYSIS = YES;
				CLANG_WARN_STRICT_PROTOTYPES = YES;
				CLANG_WARN_SUSPICIOUS_MOVE = YES;
				CLANG_WARN_UNGUARDED_AVAILABILITY = YES_AGGRESSIVE;
				CLANG_WARN_UNREACHABLE_CODE = YES;
				CLANG_WARN__DUPLICATE_METHOD_MATCH = YES;
				COPY_PHASE_STRIP = NO;
				DEBUG_INFORMATION_FORMAT = "dwarf-with-dsym";
				ENABLE_NS_ASSERTIONS = NO;
				ENABLE_STRICT_OBJC_MSGSEND = YES;
				GCC_C_LANGUAGE_STANDARD = gnu11;
				GCC_NO_COMMON_BLOCKS = YES;
				GCC_WARN_64_TO_32_BIT_CONVERSION = YES;
				GCC_WARN_ABOUT_RETURN_TYPE = YES_ERROR;
				GCC_WARN_UNDECLARED_SELECTOR = YES;
				GCC_WARN_UNINITIALIZED_AUTOS = YES_AGGRESSIVE;
				GCC_WARN_UNUSED_FUNCTION = YES;
				GCC_WARN_UNUSED_VARIABLE = YES;
				IPHONEOS_DEPLOYMENT_TARGET = 14.5;
				MTL_ENABLE_DEBUG_INFO = NO;
				MTL_FAST_MATH = YES;
				SDKROOT = iphoneos;
				SWIFT_COMPILATION_MODE = wholemodule;
				SWIFT_OPTIMIZATION_LEVEL = "-O";
				VALIDATE_PRODUCT = YES;
			};
			name = Release;
		};
		DF24D2E826A62718009BADFD /* Debug */ = {
			isa = XCBuildConfiguration;
			buildSettings = {
				ASSETCATALOG_COMPILER_APPICON_NAME = AppIcon;
				ASSETCATALOG_COMPILER_GLOBAL_ACCENT_COLOR_NAME = AccentColor;
				CODE_SIGN_STYLE = Automatic;
				DEVELOPMENT_TEAM = 5LFGK7Q7S9;
				INFOPLIST_FILE = Study/Info.plist;
				LD_RUNPATH_SEARCH_PATHS = (
					"$(inherited)",
					"@executable_path/Frameworks",
				);
				MARKETING_VERSION = 0.1;
				PRODUCT_BUNDLE_IDENTIFIER = Thata.Study;
				PRODUCT_NAME = "$(TARGET_NAME)";
				SWIFT_VERSION = 5.0;
				TARGETED_DEVICE_FAMILY = 1;
			};
			name = Debug;
		};
		DF24D2E926A62718009BADFD /* Release */ = {
			isa = XCBuildConfiguration;
			buildSettings = {
				ASSETCATALOG_COMPILER_APPICON_NAME = AppIcon;
				ASSETCATALOG_COMPILER_GLOBAL_ACCENT_COLOR_NAME = AccentColor;
				CODE_SIGN_STYLE = Automatic;
				DEVELOPMENT_TEAM = 5LFGK7Q7S9;
				INFOPLIST_FILE = Study/Info.plist;
				LD_RUNPATH_SEARCH_PATHS = (
					"$(inherited)",
					"@executable_path/Frameworks",
				);
				MARKETING_VERSION = 0.1;
				PRODUCT_BUNDLE_IDENTIFIER = Thata.Study;
				PRODUCT_NAME = "$(TARGET_NAME)";
				SWIFT_VERSION = 5.0;
				TARGETED_DEVICE_FAMILY = 1;
			};
			name = Release;
		};
/* End XCBuildConfiguration section */

/* Begin XCConfigurationList section */
		DF24D2CB26A62716009BADFD /* Build configuration list for PBXProject "Study" */ = {
			isa = XCConfigurationList;
			buildConfigurations = (
				DF24D2E526A62718009BADFD /* Debug */,
				DF24D2E626A62718009BADFD /* Release */,
			);
			defaultConfigurationIsVisible = 0;
			defaultConfigurationName = Release;
		};
		DF24D2E726A62718009BADFD /* Build configuration list for PBXNativeTarget "Study" */ = {
			isa = XCConfigurationList;
			buildConfigurations = (
				DF24D2E826A62718009BADFD /* Debug */,
				DF24D2E926A62718009BADFD /* Release */,
			);
			defaultConfigurationIsVisible = 0;
			defaultConfigurationName = Release;
		};
/* End XCConfigurationList section */

/* Begin XCVersionGroup section */
		DF24D2DC26A62716009BADFD /* Study.xcdatamodeld */ = {
			isa = XCVersionGroup;
			children = (
				DF24D2DD26A62716009BADFD /* Study.xcdatamodel */,
			);
			currentVersion = DF24D2DD26A62716009BADFD /* Study.xcdatamodel */;
			path = Study.xcdatamodeld;
			sourceTree = "<group>";
			versionGroupType = wrapper.xcdatamodel;
		};
/* End XCVersionGroup section */
	};
	rootObject = DF24D2C826A62716009BADFD /* Project object */;
}
